// !$*UTF8*$!
{
	archiveVersion = 1;
	classes = {
	};
	objectVersion = 56;
	objects = {

/* Begin PBXBuildFile section */
		B7543FC82CA2F874001779EB /* GreetingViewController.swift in Sources */ = {isa = PBXBuildFile; fileRef = B7543FC72CA2F874001779EB /* GreetingViewController.swift */; };
		B7543FCA2CA30DF0001779EB /* JuiceViewController.swift in Sources */ = {isa = PBXBuildFile; fileRef = B7543FC92CA30DF0001779EB /* JuiceViewController.swift */; };
		B7543FCC2CA30E10001779EB /* FruitViewController.swift in Sources */ = {isa = PBXBuildFile; fileRef = B7543FCB2CA30E10001779EB /* FruitViewController.swift */; };
		B786DB5C2CA2EB6700BED9B5 /* AppDelegate.swift in Sources */ = {isa = PBXBuildFile; fileRef = B786DB5B2CA2EB6700BED9B5 /* AppDelegate.swift */; };
		B786DB5E2CA2EB6700BED9B5 /* SceneDelegate.swift in Sources */ = {isa = PBXBuildFile; fileRef = B786DB5D2CA2EB6700BED9B5 /* SceneDelegate.swift */; };
		B786DB602CA2EB6700BED9B5 /* ViewController.swift in Sources */ = {isa = PBXBuildFile; fileRef = B786DB5F2CA2EB6700BED9B5 /* ViewController.swift */; };
		B786DB632CA2EB6700BED9B5 /* Main.storyboard in Resources */ = {isa = PBXBuildFile; fileRef = B786DB612CA2EB6700BED9B5 /* Main.storyboard */; };
		B786DB652CA2EB6800BED9B5 /* Assets.xcassets in Resources */ = {isa = PBXBuildFile; fileRef = B786DB642CA2EB6800BED9B5 /* Assets.xcassets */; };
		B786DB682CA2EB6800BED9B5 /* LaunchScreen.storyboard in Resources */ = {isa = PBXBuildFile; fileRef = B786DB662CA2EB6800BED9B5 /* LaunchScreen.storyboard */; };
/* End PBXBuildFile section */

/* Begin PBXFileReference section */
		B7543FC72CA2F874001779EB /* GreetingViewController.swift */ = {isa = PBXFileReference; lastKnownFileType = sourcecode.swift; path = GreetingViewController.swift; sourceTree = "<group>"; };
		B7543FC92CA30DF0001779EB /* JuiceViewController.swift */ = {isa = PBXFileReference; lastKnownFileType = sourcecode.swift; path = JuiceViewController.swift; sourceTree = "<group>"; };
		B7543FCB2CA30E10001779EB /* FruitViewController.swift */ = {isa = PBXFileReference; lastKnownFileType = sourcecode.swift; path = FruitViewController.swift; sourceTree = "<group>"; };
		B786DB582CA2EB6700BED9B5 /* Semana03.app */ = {isa = PBXFileReference; explicitFileType = wrapper.application; includeInIndex = 0; path = Semana03.app; sourceTree = BUILT_PRODUCTS_DIR; };
		B786DB5B2CA2EB6700BED9B5 /* AppDelegate.swift */ = {isa = PBXFileReference; lastKnownFileType = sourcecode.swift; path = AppDelegate.swift; sourceTree = "<group>"; };
		B786DB5D2CA2EB6700BED9B5 /* SceneDelegate.swift */ = {isa = PBXFileReference; lastKnownFileType = sourcecode.swift; path = SceneDelegate.swift; sourceTree = "<group>"; };
		B786DB5F2CA2EB6700BED9B5 /* ViewController.swift */ = {isa = PBXFileReference; lastKnownFileType = sourcecode.swift; path = ViewController.swift; sourceTree = "<group>"; };
		B786DB622CA2EB6700BED9B5 /* Base */ = {isa = PBXFileReference; lastKnownFileType = file.storyboard; name = Base; path = Base.lproj/Main.storyboard; sourceTree = "<group>"; };
		B786DB642CA2EB6800BED9B5 /* Assets.xcassets */ = {isa = PBXFileReference; lastKnownFileType = folder.assetcatalog; path = Assets.xcassets; sourceTree = "<group>"; };
		B786DB672CA2EB6800BED9B5 /* Base */ = {isa = PBXFileReference; lastKnownFileType = file.storyboard; name = Base; path = Base.lproj/LaunchScreen.storyboard; sourceTree = "<group>"; };
		B786DB692CA2EB6800BED9B5 /* Info.plist */ = {isa = PBXFileReference; lastKnownFileType = text.plist.xml; path = Info.plist; sourceTree = "<group>"; };
/* End PBXFileReference section */

/* Begin PBXFrameworksBuildPhase section */
		B786DB552CA2EB6700BED9B5 /* Frameworks */ = {
			isa = PBXFrameworksBuildPhase;
			buildActionMask = 2147483647;
			files = (
			);
			runOnlyForDeploymentPostprocessing = 0;
		};
/* End PBXFrameworksBuildPhase section */

/* Begin PBXGroup section */
		B786DB4F2CA2EB6700BED9B5 = {
			isa = PBXGroup;
			children = (
				B786DB5A2CA2EB6700BED9B5 /* Semana03 */,
				B786DB592CA2EB6700BED9B5 /* Products */,
			);
			sourceTree = "<group>";
		};
		B786DB592CA2EB6700BED9B5 /* Products */ = {
			isa = PBXGroup;
			children = (
				B786DB582CA2EB6700BED9B5 /* Semana03.app */,
			);
			name = Products;
			sourceTree = "<group>";
		};
		B786DB5A2CA2EB6700BED9B5 /* Semana03 */ = {
			isa = PBXGroup;
			children = (
				B786DB5B2CA2EB6700BED9B5 /* AppDelegate.swift */,
				B786DB5D2CA2EB6700BED9B5 /* SceneDelegate.swift */,
				B786DB5F2CA2EB6700BED9B5 /* ViewController.swift */,
				B786DB612CA2EB6700BED9B5 /* Main.storyboard */,
				B7543FC72CA2F874001779EB /* GreetingViewController.swift */,
				B786DB642CA2EB6800BED9B5 /* Assets.xcassets */,
				B786DB662CA2EB6800BED9B5 /* LaunchScreen.storyboard */,
				B786DB692CA2EB6800BED9B5 /* Info.plist */,
				B7543FC92CA30DF0001779EB /* JuiceViewController.swift */,
				B7543FCB2CA30E10001779EB /* FruitViewController.swift */,
			);
			path = Semana03;
			sourceTree = "<group>";
		};
/* End PBXGroup section */

/* Begin PBXNativeTarget section */
		B786DB572CA2EB6700BED9B5 /* Semana03 */ = {
			isa = PBXNativeTarget;
			buildConfigurationList = B786DB6C2CA2EB6800BED9B5 /* Build configuration list for PBXNativeTarget "Semana03" */;
			buildPhases = (
				B786DB542CA2EB6700BED9B5 /* Sources */,
				B786DB552CA2EB6700BED9B5 /* Frameworks */,
				B786DB562CA2EB6700BED9B5 /* Resources */,
			);
			buildRules = (
			);
			dependencies = (
			);
			name = Semana03;
			productName = Semana03;
			productReference = B786DB582CA2EB6700BED9B5 /* Semana03.app */;
			productType = "com.apple.product-type.application";
		};
/* End PBXNativeTarget section */

/* Begin PBXProject section */
		B786DB502CA2EB6700BED9B5 /* Project object */ = {
			isa = PBXProject;
			attributes = {
				BuildIndependentTargetsInParallel = 1;
				LastSwiftUpdateCheck = 1520;
				LastUpgradeCheck = 1520;
				TargetAttributes = {
					B786DB572CA2EB6700BED9B5 = {
						CreatedOnToolsVersion = 15.2;
					};
				};
			};
			buildConfigurationList = B786DB532CA2EB6700BED9B5 /* Build configuration list for PBXProject "Semana03" */;
			compatibilityVersion = "Xcode 14.0";
			developmentRegion = en;
			hasScannedForEncodings = 0;
			knownRegions = (
				en,
				Base,
			);
			mainGroup = B786DB4F2CA2EB6700BED9B5;
			productRefGroup = B786DB592CA2EB6700BED9B5 /* Products */;
			projectDirPath = "";
			projectRoot = "";
			targets = (
				B786DB572CA2EB6700BED9B5 /* Semana03 */,
			);
		};
/* End PBXProject section */

/* Begin PBXResourcesBuildPhase section */
		B786DB562CA2EB6700BED9B5 /* Resources */ = {
			isa = PBXResourcesBuildPhase;
			buildActionMask = 2147483647;
			files = (
				B786DB682CA2EB6800BED9B5 /* LaunchScreen.storyboard in Resources */,
				B786DB652CA2EB6800BED9B5 /* Assets.xcassets in Resources */,
				B786DB632CA2EB6700BED9B5 /* Main.storyboard in Resources */,
			);
			runOnlyForDeploymentPostprocessing = 0;
		};
/* End PBXResourcesBuildPhase section */

/* Begin PBXSourcesBuildPhase section */
		B786DB542CA2EB6700BED9B5 /* Sources */ = {
			isa = PBXSourcesBuildPhase;
			buildActionMask = 2147483647;
			files = (
				B786DB602CA2EB6700BED9B5 /* ViewController.swift in Sources */,
				B786DB5C2CA2EB6700BED9B5 /* AppDelegate.swift in Sources */,
				B786DB5E2CA2EB6700BED9B5 /* SceneDelegate.swift in Sources */,
				B7543FC82CA2F874001779EB /* GreetingViewController.swift in Sources */,
				B7543FCA2CA30DF0001779EB /* JuiceViewController.swift in Sources */,
				B7543FCC2CA30E10001779EB /* FruitViewController.swift in Sources */,
			);
			runOnlyForDeploymentPostprocessing = 0;
		};
/* End PBXSourcesBuildPhase section */

/* Begin PBXVariantGroup section */
		B786DB612CA2EB6700BED9B5 /* Main.storyboard */ = {
			isa = PBXVariantGroup;
			children = (
				B786DB622CA2EB6700BED9B5 /* Base */,
			);
			name = Main.storyboard;
			sourceTree = "<group>";
		};
		B786DB662CA2EB6800BED9B5 /* LaunchScreen.storyboard */ = {
			isa = PBXVariantGroup;
			children = (
				B786DB672CA2EB6800BED9B5 /* Base */,
			);
			name = LaunchScreen.storyboard;
			sourceTree = "<group>";
		};
/* End PBXVariantGroup section */

/* Begin XCBuildConfiguration section */
		B786DB6A2CA2EB6800BED9B5 /* Debug */ = {
			isa = XCBuildConfiguration;
			buildSettings = {
				ALWAYS_SEARCH_USER_PATHS = NO;
				ASSETCATALOG_COMPILER_GENERATE_SWIFT_ASSET_SYMBOL_EXTENSIONS = YES;
				CLANG_ANALYZER_NONNULL = YES;
				CLANG_ANALYZER_NUMBER_OBJECT_CONVERSION = YES_AGGRESSIVE;
				CLANG_CXX_LANGUAGE_STANDARD = "gnu++20";
				CLANG_ENABLE_MODULES = YES;
				CLANG_ENABLE_OBJC_ARC = YES;
				CLANG_ENABLE_OBJC_WEAK = YES;
				CLANG_WARN_BLOCK_CAPTURE_AUTORELEASING = YES;
				CLANG_WARN_BOOL_CONVERSION = YES;
				CLANG_WARN_COMMA = YES;
				CLANG_WARN_CONSTANT_CONVERSION = YES;
				CLANG_WARN_DEPRECATED_OBJC_IMPLEMENTATIONS = YES;
				CLANG_WARN_DIRECT_OBJC_ISA_USAGE = YES_ERROR;
				CLANG_WARN_DOCUMENTATION_COMMENTS = YES;
				CLANG_WARN_EMPTY_BODY = YES;
				CLANG_WARN_ENUM_CONVERSION = YES;
				CLANG_WARN_INFINITE_RECURSION = YES;
				CLANG_WARN_INT_CONVERSION = YES;
				CLANG_WARN_NON_LITERAL_NULL_CONVERSION = YES;
				CLANG_WARN_OBJC_IMPLICIT_RETAIN_SELF = YES;
				CLANG_WARN_OBJC_LITERAL_CONVERSION = YES;
				CLANG_WARN_OBJC_ROOT_CLASS = YES_ERROR;
				CLANG_WARN_QUOTED_INCLUDE_IN_FRAMEWORK_HEADER = YES;
				CLANG_WARN_RANGE_LOOP_ANALYSIS = YES;
				CLANG_WARN_STRICT_PROTOTYPES = YES;
				CLANG_WARN_SUSPICIOUS_MOVE = YES;
				CLANG_WARN_UNGUARDED_AVAILABILITY = YES_AGGRESSIVE;
				CLANG_WARN_UNREACHABLE_CODE = YES;
				CLANG_WARN__DUPLICATE_METHOD_MATCH = YES;
				COPY_PHASE_STRIP = NO;
				DEBUG_INFORMATION_FORMAT = dwarf;
				ENABLE_STRICT_OBJC_MSGSEND = YES;
				ENABLE_TESTABILITY = YES;
				ENABLE_USER_SCRIPT_SANDBOXING = YES;
				GCC_C_LANGUAGE_STANDARD = gnu17;
				GCC_DYNAMIC_NO_PIC = NO;
				GCC_NO_COMMON_BLOCKS = YES;
				GCC_OPTIMIZATION_LEVEL = 0;
				GCC_PREPROCESSOR_DEFINITIONS = (
					"DEBUG=1",
					"$(inherited)",
				);
				GCC_WARN_64_TO_32_BIT_CONVERSION = YES;
				GCC_WARN_ABOUT_RETURN_TYPE = YES_ERROR;
				GCC_WARN_UNDECLARED_SELECTOR = YES;
				GCC_WARN_UNINITIALIZED_AUTOS = YES_AGGRESSIVE;
				GCC_WARN_UNUSED_FUNCTION = YES;
				GCC_WARN_UNUSED_VARIABLE = YES;
				IPHONEOS_DEPLOYMENT_TARGET = 17.2;
				LOCALIZATION_PREFERS_STRING_CATALOGS = YES;
				MTL_ENABLE_DEBUG_INFO = INCLUDE_SOURCE;
				MTL_FAST_MATH = YES;
				ONLY_ACTIVE_ARCH = YES;
				SDKROOT = iphoneos;
				SWIFT_ACTIVE_COMPILATION_CONDITIONS = "DEBUG $(inherited)";
				SWIFT_OPTIMIZATION_LEVEL = "-Onone";
			};
			name = Debug;
		};
		B786DB6B2CA2EB6800BED9B5 /* Release */ = {
			isa = XCBuildConfiguration;
			buildSettings = {
				ALWAYS_SEARCH_USER_PATHS = NO;
				ASSETCATALOG_COMPILER_GENERATE_SWIFT_ASSET_SYMBOL_EXTENSIONS = YES;
				CLANG_ANALYZER_NONNULL = YES;
				CLANG_ANALYZER_NUMBER_OBJECT_CONVERSION = YES_AGGRESSIVE;
				CLANG_CXX_LANGUAGE_STANDARD = "gnu++20";
				CLANG_ENABLE_MODULES = YES;
				CLANG_ENABLE_OBJC_ARC = YES;
				CLANG_ENABLE_OBJC_WEAK = YES;
				CLANG_WARN_BLOCK_CAPTURE_AUTORELEASING = YES;
				CLANG_WARN_BOOL_CONVERSION = YES;
				CLANG_WARN_COMMA = YES;
				CLANG_WARN_CONSTANT_CONVERSION = YES;
				CLANG_WARN_DEPRECATED_OBJC_IMPLEMENTATIONS = YES;
				CLANG_WARN_DIRECT_OBJC_ISA_USAGE = YES_ERROR;
				CLANG_WARN_DOCUMENTATION_COMMENTS = YES;
				CLANG_WARN_EMPTY_BODY = YES;
				CLANG_WARN_ENUM_CONVERSION = YES;
				CLANG_WARN_INFINITE_RECURSION = YES;
				CLANG_WARN_INT_CONVERSION = YES;
				CLANG_WARN_NON_LITERAL_NULL_CONVERSION = YES;
				CLANG_WARN_OBJC_IMPLICIT_RETAIN_SELF = YES;
				CLANG_WARN_OBJC_LITERAL_CONVERSION = YES;
				CLANG_WARN_OBJC_ROOT_CLASS = YES_ERROR;
				CLANG_WARN_QUOTED_INCLUDE_IN_FRAMEWORK_HEADER = YES;
				CLANG_WARN_RANGE_LOOP_ANALYSIS = YES;
				CLANG_WARN_STRICT_PROTOTYPES = YES;
				CLANG_WARN_SUSPICIOUS_MOVE = YES;
				CLANG_WARN_UNGUARDED_AVAILABILITY = YES_AGGRESSIVE;
				CLANG_WARN_UNREACHABLE_CODE = YES;
				CLANG_WARN__DUPLICATE_METHOD_MATCH = YES;
				COPY_PHASE_STRIP = NO;
				DEBUG_INFORMATION_FORMAT = "dwarf-with-dsym";
				ENABLE_NS_ASSERTIONS = NO;
				ENABLE_STRICT_OBJC_MSGSEND = YES;
				ENABLE_USER_SCRIPT_SANDBOXING = YES;
				GCC_C_LANGUAGE_STANDARD = gnu17;
				GCC_NO_COMMON_BLOCKS = YES;
				GCC_WARN_64_TO_32_BIT_CONVERSION = YES;
				GCC_WARN_ABOUT_RETURN_TYPE = YES_ERROR;
				GCC_WARN_UNDECLARED_SELECTOR = YES;
				GCC_WARN_UNINITIALIZED_AUTOS = YES_AGGRESSIVE;
				GCC_WARN_UNUSED_FUNCTION = YES;
				GCC_WARN_UNUSED_VARIABLE = YES;
				IPHONEOS_DEPLOYMENT_TARGET = 17.2;
				LOCALIZATION_PREFERS_STRING_CATALOGS = YES;
				MTL_ENABLE_DEBUG_INFO = NO;
				MTL_FAST_MATH = YES;
				SDKROOT = iphoneos;
				SWIFT_COMPILATION_MODE = wholemodule;
				VALIDATE_PRODUCT = YES;
			};
			name = Release;
		};
		B786DB6D2CA2EB6800BED9B5 /* Debug */ = {
			isa = XCBuildConfiguration;
			buildSettings = {
				ASSETCATALOG_COMPILER_APPICON_NAME = AppIcon;
				ASSETCATALOG_COMPILER_GLOBAL_ACCENT_COLOR_NAME = AccentColor;
				CODE_SIGN_STYLE = Automatic;
				CURRENT_PROJECT_VERSION = 1;
				GENERATE_INFOPLIST_FILE = YES;
				INFOPLIST_FILE = Semana03/Info.plist;
				INFOPLIST_KEY_UIApplicationSupportsIndirectInputEvents = YES;
				INFOPLIST_KEY_UILaunchStoryboardName = LaunchScreen;
				INFOPLIST_KEY_UIMainStoryboardFile = Main;
				INFOPLIST_KEY_UISupportedInterfaceOrientations_iPad = "UIInterfaceOrientationPortrait UIInterfaceOrientationPortraitUpsideDown UIInterfaceOrientationLandscapeLeft UIInterfaceOrientationLandscapeRight";
				INFOPLIST_KEY_UISupportedInterfaceOrientations_iPhone = "UIInterfaceOrientationPortrait UIInterfaceOrientationLandscapeLeft UIInterfaceOrientationLandscapeRight";
				LD_RUNPATH_SEARCH_PATHS = (
					"$(inherited)",
					"@executable_path/Frameworks",
				);
				MARKETING_VERSION = 1.0;
				PRODUCT_BUNDLE_IDENTIFIER = cibertec.edu.pe.Semana03;
				PRODUCT_NAME = "$(TARGET_NAME)";
				SWIFT_EMIT_LOC_STRINGS = YES;
				SWIFT_VERSION = 5.0;
				TARGETED_DEVICE_FAMILY = "1,2";
			};
			name = Debug;
		};
		B786DB6E2CA2EB6800BED9B5 /* Release */ = {
			isa = XCBuildConfiguration;
			buildSettings = {
				ASSETCATALOG_COMPILER_APPICON_NAME = AppIcon;
				ASSETCATALOG_COMPILER_GLOBAL_ACCENT_COLOR_NAME = AccentColor;
				CODE_SIGN_STYLE = Automatic;
				CURRENT_PROJECT_VERSION = 1;
				GENERATE_INFOPLIST_FILE = YES;
				INFOPLIST_FILE = Semana03/Info.plist;
				INFOPLIST_KEY_UIApplicationSupportsIndirectInputEvents = YES;
				INFOPLIST_KEY_UILaunchStoryboardName = LaunchScreen;
				INFOPLIST_KEY_UIMainStoryboardFile = Main;
				INFOPLIST_KEY_UISupportedInterfaceOrientations_iPad = "UIInterfaceOrientationPortrait UIInterfaceOrientationPortraitUpsideDown UIInterfaceOrientationLandscapeLeft UIInterfaceOrientationLandscapeRight";
				INFOPLIST_KEY_UISupportedInterfaceOrientations_iPhone = "UIInterfaceOrientationPortrait UIInterfaceOrientationLandscapeLeft UIInterfaceOrientationLandscapeRight";
				LD_RUNPATH_SEARCH_PATHS = (
					"$(inherited)",
					"@executable_path/Frameworks",
				);
				MARKETING_VERSION = 1.0;
				PRODUCT_BUNDLE_IDENTIFIER = cibertec.edu.pe.Semana03;
				PRODUCT_NAME = "$(TARGET_NAME)";
				SWIFT_EMIT_LOC_STRINGS = YES;
				SWIFT_VERSION = 5.0;
				TARGETED_DEVICE_FAMILY = "1,2";
			};
			name = Release;
		};
/* End XCBuildConfiguration section */

/* Begin XCConfigurationList section */
		B786DB532CA2EB6700BED9B5 /* Build configuration list for PBXProject "Semana03" */ = {
			isa = XCConfigurationList;
			buildConfigurations = (
				B786DB6A2CA2EB6800BED9B5 /* Debug */,
				B786DB6B2CA2EB6800BED9B5 /* Release */,
			);
			defaultConfigurationIsVisible = 0;
			defaultConfigurationName = Release;
		};
		B786DB6C2CA2EB6800BED9B5 /* Build configuration list for PBXNativeTarget "Semana03" */ = {
			isa = XCConfigurationList;
			buildConfigurations = (
				B786DB6D2CA2EB6800BED9B5 /* Debug */,
				B786DB6E2CA2EB6800BED9B5 /* Release */,
			);
			defaultConfigurationIsVisible = 0;
			defaultConfigurationName = Release;
		};
/* End XCConfigurationList section */
	};
	rootObject = B786DB502CA2EB6700BED9B5 /* Project object */;
}
